// !$*UTF8*$!
{
	archiveVersion = 1;
	classes = {
	};
	objectVersion = 56;
	objects = {

/* Begin PBXBuildFile section */
		A70BF3A510ABFD6BF31A260E /* Pods_MarvellAlamofire.framework in Frameworks */ = {isa = PBXBuildFile; fileRef = 409602AAC668CBF19F8018FB /* Pods_MarvellAlamofire.framework */; };
		E4000EFC29C5AEBE00CF8D7B /* AppDelegate.swift in Sources */ = {isa = PBXBuildFile; fileRef = E4000EFB29C5AEBE00CF8D7B /* AppDelegate.swift */; };
		E4000EFE29C5AEBE00CF8D7B /* SceneDelegate.swift in Sources */ = {isa = PBXBuildFile; fileRef = E4000EFD29C5AEBE00CF8D7B /* SceneDelegate.swift */; };
		E4000F0029C5AEBE00CF8D7B /* ViewController.swift in Sources */ = {isa = PBXBuildFile; fileRef = E4000EFF29C5AEBE00CF8D7B /* ViewController.swift */; };
		E4000F0529C5AEC300CF8D7B /* Assets.xcassets in Resources */ = {isa = PBXBuildFile; fileRef = E4000F0429C5AEC300CF8D7B /* Assets.xcassets */; };
		E4000F0829C5AEC300CF8D7B /* LaunchScreen.storyboard in Resources */ = {isa = PBXBuildFile; fileRef = E4000F0629C5AEC300CF8D7B /* LaunchScreen.storyboard */; };
		E4C1E00D29C721AD009C7CC9 /* NetworkService.swift in Sources */ = {isa = PBXBuildFile; fileRef = E4C1E00C29C721AD009C7CC9 /* NetworkService.swift */; };
		E4C1E00F29C72CC2009C7CC9 /* NetworkError.swift in Sources */ = {isa = PBXBuildFile; fileRef = E4C1E00E29C72CC2009C7CC9 /* NetworkError.swift */; };
		E4C1E01129C72E53009C7CC9 /* Model.swift in Sources */ = {isa = PBXBuildFile; fileRef = E4C1E01029C72E53009C7CC9 /* Model.swift */; };
		E4C1E01329C87112009C7CC9 /* CustomCell.swift in Sources */ = {isa = PBXBuildFile; fileRef = E4C1E01229C87112009C7CC9 /* CustomCell.swift */; };
		E4C1E01829C991A8009C7CC9 /* Constraint ext.swift in Sources */ = {isa = PBXBuildFile; fileRef = E4C1E01729C991A8009C7CC9 /* Constraint ext.swift */; };
/* End PBXBuildFile section */

/* Begin PBXFileReference section */
		409602AAC668CBF19F8018FB /* Pods_MarvellAlamofire.framework */ = {isa = PBXFileReference; explicitFileType = wrapper.framework; includeInIndex = 0; path = Pods_MarvellAlamofire.framework; sourceTree = BUILT_PRODUCTS_DIR; };
		67E3914D3F4941F8B6A31294 /* Pods-MarvellAlamofire.debug.xcconfig */ = {isa = PBXFileReference; includeInIndex = 1; lastKnownFileType = text.xcconfig; name = "Pods-MarvellAlamofire.debug.xcconfig"; path = "Target Support Files/Pods-MarvellAlamofire/Pods-MarvellAlamofire.debug.xcconfig"; sourceTree = "<group>"; };
		DC0CDCBCE88F892C560BCC01 /* Pods-MarvellAlamofire.release.xcconfig */ = {isa = PBXFileReference; includeInIndex = 1; lastKnownFileType = text.xcconfig; name = "Pods-MarvellAlamofire.release.xcconfig"; path = "Target Support Files/Pods-MarvellAlamofire/Pods-MarvellAlamofire.release.xcconfig"; sourceTree = "<group>"; };
		E4000EF829C5AEBE00CF8D7B /* MarvellAlamofire.app */ = {isa = PBXFileReference; explicitFileType = wrapper.application; includeInIndex = 0; path = MarvellAlamofire.app; sourceTree = BUILT_PRODUCTS_DIR; };
		E4000EFB29C5AEBE00CF8D7B /* AppDelegate.swift */ = {isa = PBXFileReference; lastKnownFileType = sourcecode.swift; path = AppDelegate.swift; sourceTree = "<group>"; };
		E4000EFD29C5AEBE00CF8D7B /* SceneDelegate.swift */ = {isa = PBXFileReference; lastKnownFileType = sourcecode.swift; path = SceneDelegate.swift; sourceTree = "<group>"; };
		E4000EFF29C5AEBE00CF8D7B /* ViewController.swift */ = {isa = PBXFileReference; lastKnownFileType = sourcecode.swift; path = ViewController.swift; sourceTree = "<group>"; };
		E4000F0429C5AEC300CF8D7B /* Assets.xcassets */ = {isa = PBXFileReference; lastKnownFileType = folder.assetcatalog; path = Assets.xcassets; sourceTree = "<group>"; };
		E4000F0729C5AEC300CF8D7B /* Base */ = {isa = PBXFileReference; lastKnownFileType = file.storyboard; name = Base; path = Base.lproj/LaunchScreen.storyboard; sourceTree = "<group>"; };
		E4000F0929C5AEC300CF8D7B /* Info.plist */ = {isa = PBXFileReference; lastKnownFileType = text.plist.xml; path = Info.plist; sourceTree = "<group>"; };
		E4C1E00C29C721AD009C7CC9 /* NetworkService.swift */ = {isa = PBXFileReference; lastKnownFileType = sourcecode.swift; path = NetworkService.swift; sourceTree = "<group>"; };
		E4C1E00E29C72CC2009C7CC9 /* NetworkError.swift */ = {isa = PBXFileReference; lastKnownFileType = sourcecode.swift; path = NetworkError.swift; sourceTree = "<group>"; };
		E4C1E01029C72E53009C7CC9 /* Model.swift */ = {isa = PBXFileReference; lastKnownFileType = sourcecode.swift; path = Model.swift; sourceTree = "<group>"; };
		E4C1E01229C87112009C7CC9 /* CustomCell.swift */ = {isa = PBXFileReference; lastKnownFileType = sourcecode.swift; path = CustomCell.swift; sourceTree = "<group>"; };
		E4C1E01729C991A8009C7CC9 /* Constraint ext.swift */ = {isa = PBXFileReference; lastKnownFileType = sourcecode.swift; path = "Constraint ext.swift"; sourceTree = "<group>"; };
/* End PBXFileReference section */

/* Begin PBXFrameworksBuildPhase section */
		E4000EF529C5AEBE00CF8D7B /* Frameworks */ = {
			isa = PBXFrameworksBuildPhase;
			buildActionMask = 2147483647;
			files = (
				A70BF3A510ABFD6BF31A260E /* Pods_MarvellAlamofire.framework in Frameworks */,
			);
			runOnlyForDeploymentPostprocessing = 0;
		};
/* End PBXFrameworksBuildPhase section */

/* Begin PBXGroup section */
		29ED63AB84331D1EC6D1DC64 /* Frameworks */ = {
			isa = PBXGroup;
			children = (
				409602AAC668CBF19F8018FB /* Pods_MarvellAlamofire.framework */,
			);
			name = Frameworks;
			sourceTree = "<group>";
		};
		2BC24EBEAE3801DEC712503E /* Pods */ = {
			isa = PBXGroup;
			children = (
				67E3914D3F4941F8B6A31294 /* Pods-MarvellAlamofire.debug.xcconfig */,
				DC0CDCBCE88F892C560BCC01 /* Pods-MarvellAlamofire.release.xcconfig */,
			);
			path = Pods;
			sourceTree = "<group>";
		};
		E4000EEF29C5AEBE00CF8D7B = {
			isa = PBXGroup;
			children = (
				E4000EFA29C5AEBE00CF8D7B /* MarvellAlamofire */,
				E4000EF929C5AEBE00CF8D7B /* Products */,
				2BC24EBEAE3801DEC712503E /* Pods */,
				29ED63AB84331D1EC6D1DC64 /* Frameworks */,
			);
			sourceTree = "<group>";
		};
		E4000EF929C5AEBE00CF8D7B /* Products */ = {
			isa = PBXGroup;
			children = (
				E4000EF829C5AEBE00CF8D7B /* MarvellAlamofire.app */,
			);
			name = Products;
			sourceTree = "<group>";
		};
		E4000EFA29C5AEBE00CF8D7B /* MarvellAlamofire */ = {
			isa = PBXGroup;
			children = (
				E4C1E00829C5C585009C7CC9 /* Resources */,
				E4C1E00729C5C56E009C7CC9 /* Sources */,
			);
			path = MarvellAlamofire;
			sourceTree = "<group>";
		};
		E4C1E00729C5C56E009C7CC9 /* Sources */ = {
			isa = PBXGroup;
			children = (
				E4C1E01629C99138009C7CC9 /* Extensions */,
				E4C1E00B29C72158009C7CC9 /* Model */,
				E4C1E00A29C72146009C7CC9 /* NetworkService */,
				E4C1E00929C5C649009C7CC9 /* App */,
				E4000EFF29C5AEBE00CF8D7B /* ViewController.swift */,
				E4C1E01229C87112009C7CC9 /* CustomCell.swift */,
			);
			path = Sources;
			sourceTree = "<group>";
		};
		E4C1E00829C5C585009C7CC9 /* Resources */ = {
			isa = PBXGroup;
			children = (
				E4000F0429C5AEC300CF8D7B /* Assets.xcassets */,
				E4000F0629C5AEC300CF8D7B /* LaunchScreen.storyboard */,
				E4000F0929C5AEC300CF8D7B /* Info.plist */,
			);
			path = Resources;
			sourceTree = "<group>";
		};
		E4C1E00929C5C649009C7CC9 /* App */ = {
			isa = PBXGroup;
			children = (
				E4000EFB29C5AEBE00CF8D7B /* AppDelegate.swift */,
				E4000EFD29C5AEBE00CF8D7B /* SceneDelegate.swift */,
			);
			path = App;
			sourceTree = "<group>";
		};
		E4C1E00A29C72146009C7CC9 /* NetworkService */ = {
			isa = PBXGroup;
			children = (
				E4C1E00C29C721AD009C7CC9 /* NetworkService.swift */,
				E4C1E00E29C72CC2009C7CC9 /* NetworkError.swift */,
			);
			path = NetworkService;
			sourceTree = "<group>";
		};
		E4C1E00B29C72158009C7CC9 /* Model */ = {
			isa = PBXGroup;
			children = (
				E4C1E01029C72E53009C7CC9 /* Model.swift */,
			);
			path = Model;
			sourceTree = "<group>";
		};
		E4C1E01629C99138009C7CC9 /* Extensions */ = {
			isa = PBXGroup;
			children = (
				E4C1E01729C991A8009C7CC9 /* Constraint ext.swift */,
			);
			path = Extensions;
			sourceTree = "<group>";
		};
/* End PBXGroup section */

/* Begin PBXNativeTarget section */
		E4000EF729C5AEBE00CF8D7B /* MarvellAlamofire */ = {
			isa = PBXNativeTarget;
			buildConfigurationList = E4000F0C29C5AEC300CF8D7B /* Build configuration list for PBXNativeTarget "MarvellAlamofire" */;
			buildPhases = (
				E5E8F47471963D8E3B368D6A /* [CP] Check Pods Manifest.lock */,
				E4000EF429C5AEBE00CF8D7B /* Sources */,
				E4000EF529C5AEBE00CF8D7B /* Frameworks */,
				E4000EF629C5AEBE00CF8D7B /* Resources */,
				100A8A5D1CCE84E7E7F153BE /* [CP] Embed Pods Frameworks */,
			);
			buildRules = (
			);
			dependencies = (
			);
			name = MarvellAlamofire;
			productName = MarvellAlamofire;
			productReference = E4000EF829C5AEBE00CF8D7B /* MarvellAlamofire.app */;
			productType = "com.apple.product-type.application";
		};
/* End PBXNativeTarget section */

/* Begin PBXProject section */
		E4000EF029C5AEBE00CF8D7B /* Project object */ = {
			isa = PBXProject;
			attributes = {
				BuildIndependentTargetsInParallel = 1;
				LastSwiftUpdateCheck = 1400;
				LastUpgradeCheck = 1400;
				TargetAttributes = {
					E4000EF729C5AEBE00CF8D7B = {
						CreatedOnToolsVersion = 14.0;
					};
				};
			};
			buildConfigurationList = E4000EF329C5AEBE00CF8D7B /* Build configuration list for PBXProject "MarvellAlamofire" */;
			compatibilityVersion = "Xcode 14.0";
			developmentRegion = en;
			hasScannedForEncodings = 0;
			knownRegions = (
				en,
				Base,
			);
			mainGroup = E4000EEF29C5AEBE00CF8D7B;
			productRefGroup = E4000EF929C5AEBE00CF8D7B /* Products */;
			projectDirPath = "";
			projectRoot = "";
			targets = (
				E4000EF729C5AEBE00CF8D7B /* MarvellAlamofire */,
			);
		};
/* End PBXProject section */

/* Begin PBXResourcesBuildPhase section */
		E4000EF629C5AEBE00CF8D7B /* Resources */ = {
			isa = PBXResourcesBuildPhase;
			buildActionMask = 2147483647;
			files = (
				E4000F0829C5AEC300CF8D7B /* LaunchScreen.storyboard in Resources */,
				E4000F0529C5AEC300CF8D7B /* Assets.xcassets in Resources */,
			);
			runOnlyForDeploymentPostprocessing = 0;
		};
/* End PBXResourcesBuildPhase section */

/* Begin PBXShellScriptBuildPhase section */
		100A8A5D1CCE84E7E7F153BE /* [CP] Embed Pods Frameworks */ = {
			isa = PBXShellScriptBuildPhase;
			buildActionMask = 2147483647;
			files = (
			);
			inputFileListPaths = (
				"${PODS_ROOT}/Target Support Files/Pods-MarvellAlamofire/Pods-MarvellAlamofire-frameworks-${CONFIGURATION}-input-files.xcfilelist",
			);
			name = "[CP] Embed Pods Frameworks";
			outputFileListPaths = (
				"${PODS_ROOT}/Target Support Files/Pods-MarvellAlamofire/Pods-MarvellAlamofire-frameworks-${CONFIGURATION}-output-files.xcfilelist",
			);
			runOnlyForDeploymentPostprocessing = 0;
			shellPath = /bin/sh;
			shellScript = "\"${PODS_ROOT}/Target Support Files/Pods-MarvellAlamofire/Pods-MarvellAlamofire-frameworks.sh\"\n";
			showEnvVarsInLog = 0;
		};
		E5E8F47471963D8E3B368D6A /* [CP] Check Pods Manifest.lock */ = {
			isa = PBXShellScriptBuildPhase;
			buildActionMask = 2147483647;
			files = (
			);
			inputFileListPaths = (
			);
			inputPaths = (
				"${PODS_PODFILE_DIR_PATH}/Podfile.lock",
				"${PODS_ROOT}/Manifest.lock",
			);
			name = "[CP] Check Pods Manifest.lock";
			outputFileListPaths = (
			);
			outputPaths = (
				"$(DERIVED_FILE_DIR)/Pods-MarvellAlamofire-checkManifestLockResult.txt",
			);
			runOnlyForDeploymentPostprocessing = 0;
			shellPath = /bin/sh;
			shellScript = "diff \"${PODS_PODFILE_DIR_PATH}/Podfile.lock\" \"${PODS_ROOT}/Manifest.lock\" > /dev/null\nif [ $? != 0 ] ; then\n    # print error to STDERR\n    echo \"error: The sandbox is not in sync with the Podfile.lock. Run 'pod install' or update your CocoaPods installation.\" >&2\n    exit 1\nfi\n# This output is used by Xcode 'outputs' to avoid re-running this script phase.\necho \"SUCCESS\" > \"${SCRIPT_OUTPUT_FILE_0}\"\n";
			showEnvVarsInLog = 0;
		};
/* End PBXShellScriptBuildPhase section */

/* Begin PBXSourcesBuildPhase section */
		E4000EF429C5AEBE00CF8D7B /* Sources */ = {
			isa = PBXSourcesBuildPhase;
			buildActionMask = 2147483647;
			files = (
				E4000F0029C5AEBE00CF8D7B /* ViewController.swift in Sources */,
				E4000EFC29C5AEBE00CF8D7B /* AppDelegate.swift in Sources */,
				E4C1E00D29C721AD009C7CC9 /* NetworkService.swift in Sources */,
				E4C1E01129C72E53009C7CC9 /* Model.swift in Sources */,
				E4C1E01829C991A8009C7CC9 /* Constraint ext.swift in Sources */,
				E4000EFE29C5AEBE00CF8D7B /* SceneDelegate.swift in Sources */,
				E4C1E01329C87112009C7CC9 /* CustomCell.swift in Sources */,
				E4C1E00F29C72CC2009C7CC9 /* NetworkError.swift in Sources */,
			);
			runOnlyForDeploymentPostprocessing = 0;
		};
/* End PBXSourcesBuildPhase section */

/* Begin PBXVariantGroup section */
		E4000F0629C5AEC300CF8D7B /* LaunchScreen.storyboard */ = {
			isa = PBXVariantGroup;
			children = (
				E4000F0729C5AEC300CF8D7B /* Base */,
			);
			name = LaunchScreen.storyboard;
			sourceTree = "<group>";
		};
/* End PBXVariantGroup section */

/* Begin XCBuildConfiguration section */
		E4000F0A29C5AEC300CF8D7B /* Debug */ = {
			isa = XCBuildConfiguration;
			buildSettings = {
				ALWAYS_SEARCH_USER_PATHS = NO;
				CLANG_ANALYZER_NONNULL = YES;
				CLANG_ANALYZER_NUMBER_OBJECT_CONVERSION = YES_AGGRESSIVE;
				CLANG_CXX_LANGUAGE_STANDARD = "gnu++20";
				CLANG_ENABLE_MODULES = YES;
				CLANG_ENABLE_OBJC_ARC = YES;
				CLANG_ENABLE_OBJC_WEAK = YES;
				CLANG_WARN_BLOCK_CAPTURE_AUTORELEASING = YES;
				CLANG_WARN_BOOL_CONVERSION = YES;
				CLANG_WARN_COMMA = YES;
				CLANG_WARN_CONSTANT_CONVERSION = YES;
				CLANG_WARN_DEPRECATED_OBJC_IMPLEMENTATIONS = YES;
				CLANG_WARN_DIRECT_OBJC_ISA_USAGE = YES_ERROR;
				CLANG_WARN_DOCUMENTATION_COMMENTS = YES;
				CLANG_WARN_EMPTY_BODY = YES;
				CLANG_WARN_ENUM_CONVERSION = YES;
				CLANG_WARN_INFINITE_RECURSION = YES;
				CLANG_WARN_INT_CONVERSION = YES;
				CLANG_WARN_NON_LITERAL_NULL_CONVERSION = YES;
				CLANG_WARN_OBJC_IMPLICIT_RETAIN_SELF = YES;
				CLANG_WARN_OBJC_LITERAL_CONVERSION = YES;
				CLANG_WARN_OBJC_ROOT_CLASS = YES_ERROR;
				CLANG_WARN_QUOTED_INCLUDE_IN_FRAMEWORK_HEADER = YES;
				CLANG_WARN_RANGE_LOOP_ANALYSIS = YES;
				CLANG_WARN_STRICT_PROTOTYPES = YES;
				CLANG_WARN_SUSPICIOUS_MOVE = YES;
				CLANG_WARN_UNGUARDED_AVAILABILITY = YES_AGGRESSIVE;
				CLANG_WARN_UNREACHABLE_CODE = YES;
				CLANG_WARN__DUPLICATE_METHOD_MATCH = YES;
				COPY_PHASE_STRIP = NO;
				DEBUG_INFORMATION_FORMAT = dwarf;
				ENABLE_STRICT_OBJC_MSGSEND = YES;
				ENABLE_TESTABILITY = YES;
				GCC_C_LANGUAGE_STANDARD = gnu11;
				GCC_DYNAMIC_NO_PIC = NO;
				GCC_NO_COMMON_BLOCKS = YES;
				GCC_OPTIMIZATION_LEVEL = 0;
				GCC_PREPROCESSOR_DEFINITIONS = (
					"DEBUG=1",
					"$(inherited)",
				);
				GCC_WARN_64_TO_32_BIT_CONVERSION = YES;
				GCC_WARN_ABOUT_RETURN_TYPE = YES_ERROR;
				GCC_WARN_UNDECLARED_SELECTOR = YES;
				GCC_WARN_UNINITIALIZED_AUTOS = YES_AGGRESSIVE;
				GCC_WARN_UNUSED_FUNCTION = YES;
				GCC_WARN_UNUSED_VARIABLE = YES;
				IPHONEOS_DEPLOYMENT_TARGET = 16.0;
				MTL_ENABLE_DEBUG_INFO = INCLUDE_SOURCE;
				MTL_FAST_MATH = YES;
				ONLY_ACTIVE_ARCH = YES;
				SDKROOT = iphoneos;
				SWIFT_ACTIVE_COMPILATION_CONDITIONS = DEBUG;
				SWIFT_OPTIMIZATION_LEVEL = "-Onone";
			};
			name = Debug;
		};
		E4000F0B29C5AEC300CF8D7B /* Release */ = {
			isa = XCBuildConfiguration;
			buildSettings = {
				ALWAYS_SEARCH_USER_PATHS = NO;
				CLANG_ANALYZER_NONNULL = YES;
				CLANG_ANALYZER_NUMBER_OBJECT_CONVERSION = YES_AGGRESSIVE;
				CLANG_CXX_LANGUAGE_STANDARD = "gnu++20";
				CLANG_ENABLE_MODULES = YES;
				CLANG_ENABLE_OBJC_ARC = YES;
				CLANG_ENABLE_OBJC_WEAK = YES;
				CLANG_WARN_BLOCK_CAPTURE_AUTORELEASING = YES;
				CLANG_WARN_BOOL_CONVERSION = YES;
				CLANG_WARN_COMMA = YES;
				CLANG_WARN_CONSTANT_CONVERSION = YES;
				CLANG_WARN_DEPRECATED_OBJC_IMPLEMENTATIONS = YES;
				CLANG_WARN_DIRECT_OBJC_ISA_USAGE = YES_ERROR;
				CLANG_WARN_DOCUMENTATION_COMMENTS = YES;
				CLANG_WARN_EMPTY_BODY = YES;
				CLANG_WARN_ENUM_CONVERSION = YES;
				CLANG_WARN_INFINITE_RECURSION = YES;
				CLANG_WARN_INT_CONVERSION = YES;
				CLANG_WARN_NON_LITERAL_NULL_CONVERSION = YES;
				CLANG_WARN_OBJC_IMPLICIT_RETAIN_SELF = YES;
				CLANG_WARN_OBJC_LITERAL_CONVERSION = YES;
				CLANG_WARN_OBJC_ROOT_CLASS = YES_ERROR;
				CLANG_WARN_QUOTED_INCLUDE_IN_FRAMEWORK_HEADER = YES;
				CLANG_WARN_RANGE_LOOP_ANALYSIS = YES;
				CLANG_WARN_STRICT_PROTOTYPES = YES;
				CLANG_WARN_SUSPICIOUS_MOVE = YES;
				CLANG_WARN_UNGUARDED_AVAILABILITY = YES_AGGRESSIVE;
				CLANG_WARN_UNREACHABLE_CODE = YES;
				CLANG_WARN__DUPLICATE_METHOD_MATCH = YES;
				COPY_PHASE_STRIP = NO;
				DEBUG_INFORMATION_FORMAT = "dwarf-with-dsym";
				ENABLE_NS_ASSERTIONS = NO;
				ENABLE_STRICT_OBJC_MSGSEND = YES;
				GCC_C_LANGUAGE_STANDARD = gnu11;
				GCC_NO_COMMON_BLOCKS = YES;
				GCC_WARN_64_TO_32_BIT_CONVERSION = YES;
				GCC_WARN_ABOUT_RETURN_TYPE = YES_ERROR;
				GCC_WARN_UNDECLARED_SELECTOR = YES;
				GCC_WARN_UNINITIALIZED_AUTOS = YES_AGGRESSIVE;
				GCC_WARN_UNUSED_FUNCTION = YES;
				GCC_WARN_UNUSED_VARIABLE = YES;
				IPHONEOS_DEPLOYMENT_TARGET = 16.0;
				MTL_ENABLE_DEBUG_INFO = NO;
				MTL_FAST_MATH = YES;
				SDKROOT = iphoneos;
				SWIFT_COMPILATION_MODE = wholemodule;
				SWIFT_OPTIMIZATION_LEVEL = "-O";
				VALIDATE_PRODUCT = YES;
			};
			name = Release;
		};
		E4000F0D29C5AEC300CF8D7B /* Debug */ = {
			isa = XCBuildConfiguration;
			baseConfigurationReference = 67E3914D3F4941F8B6A31294 /* Pods-MarvellAlamofire.debug.xcconfig */;
			buildSettings = {
				ASSETCATALOG_COMPILER_APPICON_NAME = AppIcon;
				ASSETCATALOG_COMPILER_GLOBAL_ACCENT_COLOR_NAME = AccentColor;
				CODE_SIGN_STYLE = Automatic;
				CURRENT_PROJECT_VERSION = 1;
				GENERATE_INFOPLIST_FILE = YES;
				INFOPLIST_FILE = MarvellAlamofire/Resources/Info.plist;
				INFOPLIST_KEY_UIApplicationSupportsIndirectInputEvents = YES;
				INFOPLIST_KEY_UILaunchStoryboardName = LaunchScreen;
				INFOPLIST_KEY_UISupportedInterfaceOrientations_iPad = "UIInterfaceOrientationPortrait UIInterfaceOrientationPortraitUpsideDown UIInterfaceOrientationLandscapeLeft UIInterfaceOrientationLandscapeRight";
				INFOPLIST_KEY_UISupportedInterfaceOrientations_iPhone = "UIInterfaceOrientationPortrait UIInterfaceOrientationLandscapeLeft UIInterfaceOrientationLandscapeRight";
				LD_RUNPATH_SEARCH_PATHS = (
					"$(inherited)",
					"@executable_path/Frameworks",
				);
				MARKETING_VERSION = 1.0;
				PRODUCT_BUNDLE_IDENTIFIER = com.my.MarvellAlamofire;
				PRODUCT_NAME = "$(TARGET_NAME)";
				SWIFT_EMIT_LOC_STRINGS = YES;
				SWIFT_VERSION = 5.0;
				TARGETED_DEVICE_FAMILY = "1,2";
			};
			name = Debug;
		};
		E4000F0E29C5AEC300CF8D7B /* Release */ = {
			isa = XCBuildConfiguration;
			baseConfigurationReference = DC0CDCBCE88F892C560BCC01 /* Pods-MarvellAlamofire.release.xcconfig */;
			buildSettings = {
				ASSETCATALOG_COMPILER_APPICON_NAME = AppIcon;
				ASSETCATALOG_COMPILER_GLOBAL_ACCENT_COLOR_NAME = AccentColor;
				CODE_SIGN_STYLE = Automatic;
				CURRENT_PROJECT_VERSION = 1;
				GENERATE_INFOPLIST_FILE = YES;
				INFOPLIST_FILE = MarvellAlamofire/Resources/Info.plist;
				INFOPLIST_KEY_UIApplicationSupportsIndirectInputEvents = YES;
				INFOPLIST_KEY_UILaunchStoryboardName = LaunchScreen;
				INFOPLIST_KEY_UISupportedInterfaceOrientations_iPad = "UIInterfaceOrientationPortrait UIInterfaceOrientationPortraitUpsideDown UIInterfaceOrientationLandscapeLeft UIInterfaceOrientationLandscapeRight";
				INFOPLIST_KEY_UISupportedInterfaceOrientations_iPhone = "UIInterfaceOrientationPortrait UIInterfaceOrientationLandscapeLeft UIInterfaceOrientationLandscapeRight";
				LD_RUNPATH_SEARCH_PATHS = (
					"$(inherited)",
					"@executable_path/Frameworks",
				);
				MARKETING_VERSION = 1.0;
				PRODUCT_BUNDLE_IDENTIFIER = com.my.MarvellAlamofire;
				PRODUCT_NAME = "$(TARGET_NAME)";
				SWIFT_EMIT_LOC_STRINGS = YES;
				SWIFT_VERSION = 5.0;
				TARGETED_DEVICE_FAMILY = "1,2";
			};
			name = Release;
		};
/* End XCBuildConfiguration section */

/* Begin XCConfigurationList section */
		E4000EF329C5AEBE00CF8D7B /* Build configuration list for PBXProject "MarvellAlamofire" */ = {
			isa = XCConfigurationList;
			buildConfigurations = (
				E4000F0A29C5AEC300CF8D7B /* Debug */,
				E4000F0B29C5AEC300CF8D7B /* Release */,
			);
			defaultConfigurationIsVisible = 0;
			defaultConfigurationName = Release;
		};
		E4000F0C29C5AEC300CF8D7B /* Build configuration list for PBXNativeTarget "MarvellAlamofire" */ = {
			isa = XCConfigurationList;
			buildConfigurations = (
				E4000F0D29C5AEC300CF8D7B /* Debug */,
				E4000F0E29C5AEC300CF8D7B /* Release */,
			);
			defaultConfigurationIsVisible = 0;
			defaultConfigurationName = Release;
		};
/* End XCConfigurationList section */
	};
	rootObject = E4000EF029C5AEBE00CF8D7B /* Project object */;
}
